
Microsoft Visual Studio Solution File, Format Version 12.00
# Visual Studio 15
VisualStudioVersion = 15.0.27130.2010
MinimumVisualStudioVersion = 10.0.40219.1
Project("{FAE04EC0-301F-11D3-BF4B-00C04F79EFBC}") = "2Stacks1Queue", "2Stacks1Queue\2Stacks1Queue.csproj", "{AC9F8A3F-BEC9-421F-9AE2-0D48F690FD0A}"
EndProject
Global
	GlobalSection(SolutionConfigurationPlatforms) = preSolution
		Debug|Any CPU = Debug|Any CPU
		Release|Any CPU = Release|Any CPU
	EndGlobalSection
	GlobalSection(ProjectConfigurationPlatforms) = postSolution
		{AC9F8A3F-BEC9-421F-9AE2-0D48F690FD0A}.Debug|Any CPU.ActiveCfg = Debug|Any CPU
		{AC9F8A3F-BEC9-421F-9AE2-0D48F690FD0A}.Debug|Any CPU.Build.0 = Debug|Any CPU
		{AC9F8A3F-BEC9-421F-9AE2-0D48F690FD0A}.Release|Any CPU.ActiveCfg = Release|Any CPU
		{AC9F8A3F-BEC9-421F-9AE2-0D48F690FD0A}.Release|Any CPU.Build.0 = Release|Any CPU
	EndGlobalSection
	GlobalSection(SolutionProperties) = preSolution
		HideSolutionNode = FALSE
	EndGlobalSection
	GlobalSection(ExtensibilityGlobals) = postSolution
		SolutionGuid = {EC09083D-D680-42F1-90FE-5102D84F5E63}
	EndGlobalSection
EndGlobal
