
Microsoft Visual Studio Solution File, Format Version 12.00
# Visual Studio 15
VisualStudioVersion = 15.0.27130.2010
MinimumVisualStudioVersion = 10.0.40219.1
Project("{FAE04EC0-301F-11D3-BF4B-00C04F79EFBC}") = "StacksAndQueues", "StacksAndQueues\StacksAndQueues.csproj", "{2BC022F4-7B72-4DCF-953B-2478A6EF21E8}"
EndProject
Global
	GlobalSection(SolutionConfigurationPlatforms) = preSolution
		Debug|Any CPU = Debug|Any CPU
		Release|Any CPU = Release|Any CPU
	EndGlobalSection
	GlobalSection(ProjectConfigurationPlatforms) = postSolution
		{2BC022F4-7B72-4DCF-953B-2478A6EF21E8}.Debug|Any CPU.ActiveCfg = Debug|Any CPU
		{2BC022F4-7B72-4DCF-953B-2478A6EF21E8}.Debug|Any CPU.Build.0 = Debug|Any CPU
		{2BC022F4-7B72-4DCF-953B-2478A6EF21E8}.Release|Any CPU.ActiveCfg = Release|Any CPU
		{2BC022F4-7B72-4DCF-953B-2478A6EF21E8}.Release|Any CPU.Build.0 = Release|Any CPU
	EndGlobalSection
	GlobalSection(SolutionProperties) = preSolution
		HideSolutionNode = FALSE
	EndGlobalSection
	GlobalSection(ExtensibilityGlobals) = postSolution
		SolutionGuid = {830763E6-8712-4E77-A267-478AC71EE3F8}
	EndGlobalSection
EndGlobal
