
Microsoft Visual Studio Solution File, Format Version 12.00
# Visual Studio 15
VisualStudioVersion = 15.0.27130.2010
MinimumVisualStudioVersion = 10.0.40219.1
Project("{FAE04EC0-301F-11D3-BF4B-00C04F79EFBC}") = "Queues", "Queues\Queues.csproj", "{CB55ABBF-7B2A-4DFB-8E72-76AB6A8A06B1}"
EndProject
Global
	GlobalSection(SolutionConfigurationPlatforms) = preSolution
		Debug|Any CPU = Debug|Any CPU
		Release|Any CPU = Release|Any CPU
	EndGlobalSection
	GlobalSection(ProjectConfigurationPlatforms) = postSolution
		{CB55ABBF-7B2A-4DFB-8E72-76AB6A8A06B1}.Debug|Any CPU.ActiveCfg = Debug|Any CPU
		{CB55ABBF-7B2A-4DFB-8E72-76AB6A8A06B1}.Debug|Any CPU.Build.0 = Debug|Any CPU
		{CB55ABBF-7B2A-4DFB-8E72-76AB6A8A06B1}.Release|Any CPU.ActiveCfg = Release|Any CPU
		{CB55ABBF-7B2A-4DFB-8E72-76AB6A8A06B1}.Release|Any CPU.Build.0 = Release|Any CPU
	EndGlobalSection
	GlobalSection(SolutionProperties) = preSolution
		HideSolutionNode = FALSE
	EndGlobalSection
	GlobalSection(ExtensibilityGlobals) = postSolution
		SolutionGuid = {BBE0AC0C-1430-4782-99B6-FE3C999F1EA8}
	EndGlobalSection
EndGlobal
