
Microsoft Visual Studio Solution File, Format Version 12.00
# Visual Studio 15
VisualStudioVersion = 15.0.27130.2010
MinimumVisualStudioVersion = 10.0.40219.1
Project("{FAE04EC0-301F-11D3-BF4B-00C04F79EFBC}") = "StackMatch", "StackMatch\StackMatch.csproj", "{868A4C59-DC9F-49A9-89BF-8028E53BD709}"
EndProject
Global
	GlobalSection(SolutionConfigurationPlatforms) = preSolution
		Debug|Any CPU = Debug|Any CPU
		Release|Any CPU = Release|Any CPU
	EndGlobalSection
	GlobalSection(ProjectConfigurationPlatforms) = postSolution
		{868A4C59-DC9F-49A9-89BF-8028E53BD709}.Debug|Any CPU.ActiveCfg = Debug|Any CPU
		{868A4C59-DC9F-49A9-89BF-8028E53BD709}.Debug|Any CPU.Build.0 = Debug|Any CPU
		{868A4C59-DC9F-49A9-89BF-8028E53BD709}.Release|Any CPU.ActiveCfg = Release|Any CPU
		{868A4C59-DC9F-49A9-89BF-8028E53BD709}.Release|Any CPU.Build.0 = Release|Any CPU
	EndGlobalSection
	GlobalSection(SolutionProperties) = preSolution
		HideSolutionNode = FALSE
	EndGlobalSection
	GlobalSection(ExtensibilityGlobals) = postSolution
		SolutionGuid = {74BEAC9C-7671-41F1-B75F-F4B09BB4726B}
	EndGlobalSection
EndGlobal
